
Microsoft Visual Studio Solution File, Format Version 12.00
# Visual Studio Version 17
VisualStudioVersion = 17.13.35931.197 d17.13
MinimumVisualStudioVersion = 10.0.40219.1
Project("{FAE04EC0-301F-11D3-BF4B-00C04F79EFBC}") = "MillionaireQuiz", "MillionaireQuiz\MillionaireQuiz.csproj", "{03AEAF34-B04E-4EAC-8C46-511ACE27321F}"
EndProject
Global
	GlobalSection(SolutionConfigurationPlatforms) = preSolution
		Debug|Any CPU = Debug|Any CPU
		Release|Any CPU = Release|Any CPU
	EndGlobalSection
	GlobalSection(ProjectConfigurationPlatforms) = postSolution
		{03AEAF34-B04E-4EAC-8C46-511ACE27321F}.Debug|Any CPU.ActiveCfg = Debug|Any CPU
		{03AEAF34-B04E-4EAC-8C46-511ACE27321F}.Debug|Any CPU.Build.0 = Debug|Any CPU
		{03AEAF34-B04E-4EAC-8C46-511ACE27321F}.Release|Any CPU.ActiveCfg = Release|Any CPU
		{03AEAF34-B04E-4EAC-8C46-511ACE27321F}.Release|Any CPU.Build.0 = Release|Any CPU
	EndGlobalSection
	GlobalSection(SolutionProperties) = preSolution
		HideSolutionNode = FALSE
	EndGlobalSection
	GlobalSection(ExtensibilityGlobals) = postSolution
		SolutionGuid = {73DBE819-9ADD-48F0-90CF-2321BA10B704}
	EndGlobalSection
EndGlobal
